
Microsoft Visual Studio Solution File, Format Version 12.00
# Visual Studio 15
VisualStudioVersion = 15.0.27703.2026
MinimumVisualStudioVersion = 10.0.40219.1
Project("{FAE04EC0-301F-11D3-BF4B-00C04F79EFBC}") = "BlogPostApi", "BlogPostApi\BlogPostApi.csproj", "{266D3541-9EAC-43C6-8788-E536131942A4}"
EndProject
Project("{E53339B2-1760-4266-BCC7-CA923CBCF16C}") = "docker-compose", "docker-compose.dcproj", "{CB4EF9EF-5F24-4FA8-97B3-B27DBFE98FD7}"
EndProject
Global
	GlobalSection(SolutionConfigurationPlatforms) = preSolution
		Debug|Any CPU = Debug|Any CPU
		Release|Any CPU = Release|Any CPU
	EndGlobalSection
	GlobalSection(ProjectConfigurationPlatforms) = postSolution
		{266D3541-9EAC-43C6-8788-E536131942A4}.Debug|Any CPU.ActiveCfg = Debug|Any CPU
		{266D3541-9EAC-43C6-8788-E536131942A4}.Debug|Any CPU.Build.0 = Debug|Any CPU
		{266D3541-9EAC-43C6-8788-E536131942A4}.Release|Any CPU.ActiveCfg = Release|Any CPU
		{266D3541-9EAC-43C6-8788-E536131942A4}.Release|Any CPU.Build.0 = Release|Any CPU
		{CB4EF9EF-5F24-4FA8-97B3-B27DBFE98FD7}.Debug|Any CPU.ActiveCfg = Debug|Any CPU
		{CB4EF9EF-5F24-4FA8-97B3-B27DBFE98FD7}.Debug|Any CPU.Build.0 = Debug|Any CPU
		{CB4EF9EF-5F24-4FA8-97B3-B27DBFE98FD7}.Release|Any CPU.ActiveCfg = Release|Any CPU
		{CB4EF9EF-5F24-4FA8-97B3-B27DBFE98FD7}.Release|Any CPU.Build.0 = Release|Any CPU
	EndGlobalSection
	GlobalSection(SolutionProperties) = preSolution
		HideSolutionNode = FALSE
	EndGlobalSection
	GlobalSection(ExtensibilityGlobals) = postSolution
		SolutionGuid = {F90C0E9C-3449-47DE-8CD7-F56B75F513D7}
	EndGlobalSection
EndGlobal
